
Microsoft Visual Studio Solution File, Format Version 12.00
# Visual Studio Version 17
VisualStudioVersion = 17.0.31903.59
MinimumVisualStudioVersion = 10.0.40219.1
Project("{FAE04EC0-301F-11D3-BF4B-00C04F79EFBC}") = "CatalogService.Core", "CatalogService.Core\CatalogService.Core.csproj", "{7F377296-2985-4465-92E2-FC133FC8661E}"
EndProject
Project("{FAE04EC0-301F-11D3-BF4B-00C04F79EFBC}") = "CatalogService.Application", "CatalogService.Application\CatalogService.Application.csproj", "{73344041-1089-4E90-9420-3ADB7703B85E}"
EndProject
Project("{FAE04EC0-301F-11D3-BF4B-00C04F79EFBC}") = "CatalogService.Infrastructure", "CatalogService.Infrastructure\CatalogService.Infrastructure.csproj", "{B80417C6-DB1A-400E-A06D-7E56987F1911}"
EndProject
Project("{FAE04EC0-301F-11D3-BF4B-00C04F79EFBC}") = "CatalogService.API", "CatalogService.API\CatalogService.API.csproj", "{4B3A4938-721E-4FD7-944E-8137B2D51B28}"
EndProject
Global
	GlobalSection(SolutionConfigurationPlatforms) = preSolution
		Debug|Any CPU = Debug|Any CPU
		Release|Any CPU = Release|Any CPU
	EndGlobalSection
	GlobalSection(SolutionProperties) = preSolution
		HideSolutionNode = FALSE
	EndGlobalSection
	GlobalSection(ProjectConfigurationPlatforms) = postSolution
		{7F377296-2985-4465-92E2-FC133FC8661E}.Debug|Any CPU.ActiveCfg = Debug|Any CPU
		{7F377296-2985-4465-92E2-FC133FC8661E}.Debug|Any CPU.Build.0 = Debug|Any CPU
		{7F377296-2985-4465-92E2-FC133FC8661E}.Release|Any CPU.ActiveCfg = Release|Any CPU
		{7F377296-2985-4465-92E2-FC133FC8661E}.Release|Any CPU.Build.0 = Release|Any CPU
		{73344041-1089-4E90-9420-3ADB7703B85E}.Debug|Any CPU.ActiveCfg = Debug|Any CPU
		{73344041-1089-4E90-9420-3ADB7703B85E}.Debug|Any CPU.Build.0 = Debug|Any CPU
		{73344041-1089-4E90-9420-3ADB7703B85E}.Release|Any CPU.ActiveCfg = Release|Any CPU
		{73344041-1089-4E90-9420-3ADB7703B85E}.Release|Any CPU.Build.0 = Release|Any CPU
		{B80417C6-DB1A-400E-A06D-7E56987F1911}.Debug|Any CPU.ActiveCfg = Debug|Any CPU
		{B80417C6-DB1A-400E-A06D-7E56987F1911}.Debug|Any CPU.Build.0 = Debug|Any CPU
		{B80417C6-DB1A-400E-A06D-7E56987F1911}.Release|Any CPU.ActiveCfg = Release|Any CPU
		{B80417C6-DB1A-400E-A06D-7E56987F1911}.Release|Any CPU.Build.0 = Release|Any CPU
		{4B3A4938-721E-4FD7-944E-8137B2D51B28}.Debug|Any CPU.ActiveCfg = Debug|Any CPU
		{4B3A4938-721E-4FD7-944E-8137B2D51B28}.Debug|Any CPU.Build.0 = Debug|Any CPU
		{4B3A4938-721E-4FD7-944E-8137B2D51B28}.Release|Any CPU.ActiveCfg = Release|Any CPU
		{4B3A4938-721E-4FD7-944E-8137B2D51B28}.Release|Any CPU.Build.0 = Release|Any CPU
	EndGlobalSection
EndGlobal
